
Microsoft Visual Studio Solution File, Format Version 12.00
# Visual Studio Version 17
VisualStudioVersion = 17.14.36202.13 d17.14
MinimumVisualStudioVersion = 10.0.40219.1
Project("{FAE04EC0-301F-11D3-BF4B-00C04F79EFBC}") = "ADOTTA.Projects.Suite.Api", "ADOTTA.Projects.Suite.Api.csproj", "{5FF90ED4-C663-AE9B-4092-5565AE96CFBE}"
EndProject
Global
	GlobalSection(SolutionConfigurationPlatforms) = preSolution
		Debug|Any CPU = Debug|Any CPU
		Release|Any CPU = Release|Any CPU
	EndGlobalSection
	GlobalSection(ProjectConfigurationPlatforms) = postSolution
		{5FF90ED4-C663-AE9B-4092-5565AE96CFBE}.Debug|Any CPU.ActiveCfg = Debug|Any CPU
		{5FF90ED4-C663-AE9B-4092-5565AE96CFBE}.Debug|Any CPU.Build.0 = Debug|Any CPU
		{5FF90ED4-C663-AE9B-4092-5565AE96CFBE}.Release|Any CPU.ActiveCfg = Release|Any CPU
		{5FF90ED4-C663-AE9B-4092-5565AE96CFBE}.Release|Any CPU.Build.0 = Release|Any CPU
	EndGlobalSection
	GlobalSection(SolutionProperties) = preSolution
		HideSolutionNode = FALSE
	EndGlobalSection
	GlobalSection(ExtensibilityGlobals) = postSolution
		SolutionGuid = {B3DE5D02-ADB3-49A1-8580-81C9BAC4341F}
	EndGlobalSection
EndGlobal
